
Microsoft Visual Studio Solution File, Format Version 12.00
# Visual Studio Version 17
VisualStudioVersion = 17.11.35303.130
MinimumVisualStudioVersion = 10.0.40219.1
Project("{54A90642-561A-4BB1-A94E-469ADEE60C69}") = "repairpalhackathon", "RepairPalHackathon\repairpalhackathon.esproj", "{83CE05AE-B48E-4DFE-B3AA-0A79C3CC1373}"
EndProject
Global
	GlobalSection(SolutionConfigurationPlatforms) = preSolution
		Debug|Any CPU = Debug|Any CPU
		Release|Any CPU = Release|Any CPU
	EndGlobalSection
	GlobalSection(ProjectConfigurationPlatforms) = postSolution
		{83CE05AE-B48E-4DFE-B3AA-0A79C3CC1373}.Debug|Any CPU.ActiveCfg = Debug|Any CPU
		{83CE05AE-B48E-4DFE-B3AA-0A79C3CC1373}.Debug|Any CPU.Build.0 = Debug|Any CPU
		{83CE05AE-B48E-4DFE-B3AA-0A79C3CC1373}.Debug|Any CPU.Deploy.0 = Debug|Any CPU
		{83CE05AE-B48E-4DFE-B3AA-0A79C3CC1373}.Release|Any CPU.ActiveCfg = Release|Any CPU
		{83CE05AE-B48E-4DFE-B3AA-0A79C3CC1373}.Release|Any CPU.Build.0 = Release|Any CPU
		{83CE05AE-B48E-4DFE-B3AA-0A79C3CC1373}.Release|Any CPU.Deploy.0 = Release|Any CPU
	EndGlobalSection
	GlobalSection(SolutionProperties) = preSolution
		HideSolutionNode = FALSE
	EndGlobalSection
	GlobalSection(ExtensibilityGlobals) = postSolution
		SolutionGuid = {A77A5E64-F67F-4BB2-9AD5-7E0FE7AC9E49}
	EndGlobalSection
EndGlobal
